
Microsoft Visual Studio Solution File, Format Version 12.00
# Visual Studio Version 16
VisualStudioVersion = 16.0.31624.102
MinimumVisualStudioVersion = 10.0.40219.1
Project("{9A19103F-16F7-4668-BE54-9A1E7A4F7556}") = "GradeBook", "GradeBook.csproj", "{F0F57F77-A153-457B-A829-F7E68CBF90D9}"
EndProject
Global
	GlobalSection(SolutionConfigurationPlatforms) = preSolution
		Debug|Any CPU = Debug|Any CPU
		Release|Any CPU = Release|Any CPU
	EndGlobalSection
	GlobalSection(ProjectConfigurationPlatforms) = postSolution
		{F0F57F77-A153-457B-A829-F7E68CBF90D9}.Debug|Any CPU.ActiveCfg = Debug|Any CPU
		{F0F57F77-A153-457B-A829-F7E68CBF90D9}.Debug|Any CPU.Build.0 = Debug|Any CPU
		{F0F57F77-A153-457B-A829-F7E68CBF90D9}.Release|Any CPU.ActiveCfg = Release|Any CPU
		{F0F57F77-A153-457B-A829-F7E68CBF90D9}.Release|Any CPU.Build.0 = Release|Any CPU
	EndGlobalSection
	GlobalSection(SolutionProperties) = preSolution
		HideSolutionNode = FALSE
	EndGlobalSection
	GlobalSection(ExtensibilityGlobals) = postSolution
		SolutionGuid = {20F15271-AC1F-4CC8-AFDC-23C05D9DAEA3}
	EndGlobalSection
EndGlobal
